# This file is generated by running "yarn install" inside your project.
# Manual changes might be lost - proceed with caution!

__metadata:
  version: 4
  cacheKey: 7

"@pheew/prettier-config@workspace:.":
  version: 0.0.0-use.local
  resolution: "@pheew/prettier-config@workspace:."
  dependencies:
    prettier: ^3.0.0
  languageName: unknown
  linkType: soft

"prettier@npm:^3.0.0":
  version: 3.9.8
  resolution: "prettier@npm:3.9.8"
  bin:
    prettier: bin/prettier.cjs
  checksum: 916c4eb3d9d6f271ce29ed722a1d42f147c1189e8714ef4c1b5c67d6dbbc3747eceb56a55168df54e7af7fc2fa1d43299f329fc43519873d3fa114bd4ce675b7
  languageName: node
  linkType: hard
