# This file is generated by running "yarn install" inside your project.
# Manual changes might be lost - proceed with caution!

__metadata:
  version: 4
  cacheKey: 7

"@pheew/prettier-config@workspace:.":
  version: 0.0.0-use.local
  resolution: "@pheew/prettier-config@workspace:."
  dependencies:
    prettier: ^2.2.1
  languageName: unknown
  linkType: soft

"prettier@npm:^2.2.1":
  version: 2.8.4
  resolution: "prettier@npm:2.8.4"
  bin:
    prettier: bin-prettier.js
  checksum: 59758930b2ad33f9335c2bb2c154faa2826c230c2bf21e83d6b1ddf07f66c880a0603a8bdf4cc91cbe24b7fcdd7927bcaadbeab012794e0ff5f171b9993b3573
  languageName: node
  linkType: hard
